<Solution>
  <Folder Name="/src/">
    <Project Path="EngineeringAI.Api/EngineeringAI.Api.csproj" />
    <Project Path="EngineeringAI.Application/EngineeringAI.Application.csproj" />
    <Project Path="EngineeringAI.Domain/EngineeringAI.Domain.csproj" />
    <Project Path="EngineeringAI.Infrastructure/EngineeringAI.Infrastructure.csproj" />
  </Folder>
  <Folder Name="/tests/">
    <Project Path="EngineeringAI.Tests/EngineeringAI.Tests.csproj" />
  </Folder>
</Solution>
